// !$*UTF8*$!
{
	archiveVersion = 1;
	classes = {
	};
	objectVersion = 54;
	objects = {

/* Begin PBXBuildFile section */
		23046CB926EF30BA007C7232 /* CoreFoundation.framework in Frameworks */ = {isa = PBXBuildFile; fileRef = 23046CB826EF30BA007C7232 /* CoreFoundation.framework */; };
		23046CBB26EF30D1007C7232 /* IOKit.framework in Frameworks */ = {isa = PBXBuildFile; fileRef = 23046CBA26EF30D1007C7232 /* IOKit.framework */; };
		2380436B26FFC2CC0009FEE4 /* libusb-1.0.a in Frameworks */ = {isa = PBXBuildFile; fileRef = 2380436A26FFC2CC0009FEE4 /* libusb-1.0.a */; };
		2380436D26FFC2DA0009FEE4 /* libfreenect.a in Frameworks */ = {isa = PBXBuildFile; fileRef = 2380436C26FFC2DA0009FEE4 /* libfreenect.a */; };
		2380436F26FFC2FE0009FEE4 /* libopencv_core.4.5.3.dylib in Frameworks */ = {isa = PBXBuildFile; fileRef = 2380436E26FFC2FE0009FEE4 /* libopencv_core.4.5.3.dylib */; };
		2380437226FFC3290009FEE4 /* libopencv_imgproc.4.5.3.dylib in Frameworks */ = {isa = PBXBuildFile; fileRef = 2380437026FFC3290009FEE4 /* libopencv_imgproc.4.5.3.dylib */; };
		2380437326FFC3290009FEE4 /* libopencv_highgui.4.5.3.dylib in Frameworks */ = {isa = PBXBuildFile; fileRef = 2380437126FFC3290009FEE4 /* libopencv_highgui.4.5.3.dylib */; };
		2380437626FFC3470009FEE4 /* libopencv_core.4.5.3.dylib in Embed Libraries */ = {isa = PBXBuildFile; fileRef = 2380436E26FFC2FE0009FEE4 /* libopencv_core.4.5.3.dylib */; };
		2380437826FFC3490009FEE4 /* libopencv_highgui.4.5.3.dylib in Embed Libraries */ = {isa = PBXBuildFile; fileRef = 2380437126FFC3290009FEE4 /* libopencv_highgui.4.5.3.dylib */; };
		2380437926FFC34A0009FEE4 /* libopencv_imgproc.4.5.3.dylib in Embed Libraries */ = {isa = PBXBuildFile; fileRef = 2380437026FFC3290009FEE4 /* libopencv_imgproc.4.5.3.dylib */; };
		2380437A26FFC34B0009FEE4 /* SDL2.framework in Frameworks */ = {isa = PBXBuildFile; fileRef = 2380437426FFC33D0009FEE4 /* SDL2.framework */; };
		2380437B26FFC34B0009FEE4 /* SDL2.framework in Embed Libraries */ = {isa = PBXBuildFile; fileRef = 2380437426FFC33D0009FEE4 /* SDL2.framework */; settings = {ATTRIBUTES = (RemoveHeadersOnCopy, ); }; };
		23BCC30726815417002681EC /* main.cpp in Sources */ = {isa = PBXBuildFile; fileRef = 23BCC30626815417002681EC /* main.cpp */; };
		23F5794126EBE5940017F781 /* camera.cpp in Sources */ = {isa = PBXBuildFile; fileRef = 23F5793F26EBE5940017F781 /* camera.cpp */; };
		23F5794426EBF5CA0017F781 /* graphics.cpp in Sources */ = {isa = PBXBuildFile; fileRef = 23F5794226EBF5CA0017F781 /* graphics.cpp */; };
		23F98ABC26F92EF000B810E6 /* Swarm.cpp in Sources */ = {isa = PBXBuildFile; fileRef = 23F98ABA26F92EF000B810E6 /* Swarm.cpp */; };
/* End PBXBuildFile section */

/* Begin PBXCopyFilesBuildPhase section */
		2380437726FFC3470009FEE4 /* Embed Libraries */ = {
			isa = PBXCopyFilesBuildPhase;
			buildActionMask = 2147483647;
			dstPath = "";
			dstSubfolderSpec = 10;
			files = (
				2380437626FFC3470009FEE4 /* libopencv_core.4.5.3.dylib in Embed Libraries */,
				2380437926FFC34A0009FEE4 /* libopencv_imgproc.4.5.3.dylib in Embed Libraries */,
				2380437826FFC3490009FEE4 /* libopencv_highgui.4.5.3.dylib in Embed Libraries */,
				2380437B26FFC34B0009FEE4 /* SDL2.framework in Embed Libraries */,
			);
			name = "Embed Libraries";
			runOnlyForDeploymentPostprocessing = 0;
		};
		23BCC30126815417002681EC /* CopyFiles */ = {
			isa = PBXCopyFilesBuildPhase;
			buildActionMask = 0;
			dstSubfolderSpec = 0;
			files = (
			);
			runOnlyForDeploymentPostprocessing = 0;
		};
/* End PBXCopyFilesBuildPhase section */

/* Begin PBXFileReference section */
		23046CB826EF30BA007C7232 /* CoreFoundation.framework */ = {isa = PBXFileReference; lastKnownFileType = wrapper.framework; name = CoreFoundation.framework; path = System/Library/Frameworks/CoreFoundation.framework; sourceTree = SDKROOT; };
		23046CBA26EF30D1007C7232 /* IOKit.framework */ = {isa = PBXFileReference; lastKnownFileType = wrapper.framework; name = IOKit.framework; path = System/Library/Frameworks/IOKit.framework; sourceTree = SDKROOT; };
		2310419026EEA5B500F7DC42 /* camera_frame.h */ = {isa = PBXFileReference; lastKnownFileType = sourcecode.c.h; path = camera_frame.h; sourceTree = "<group>"; };
		2380436A26FFC2CC0009FEE4 /* libusb-1.0.a */ = {isa = PBXFileReference; lastKnownFileType = archive.ar; name = "libusb-1.0.a"; path = "ext/libusb-1.0.24/lib/mac/libusb-1.0.a"; sourceTree = "<group>"; };
		2380436C26FFC2DA0009FEE4 /* libfreenect.a */ = {isa = PBXFileReference; lastKnownFileType = archive.ar; name = libfreenect.a; path = "ext/libfreenect-0.6.2/lib/mac/libfreenect.a"; sourceTree = "<group>"; };
		2380436E26FFC2FE0009FEE4 /* libopencv_core.4.5.3.dylib */ = {isa = PBXFileReference; lastKnownFileType = "compiled.mach-o.dylib"; name = libopencv_core.4.5.3.dylib; path = "ext/opencv-4.5.3/mac/lib/libopencv_core.4.5.3.dylib"; sourceTree = "<group>"; };
		2380437026FFC3290009FEE4 /* libopencv_imgproc.4.5.3.dylib */ = {isa = PBXFileReference; lastKnownFileType = "compiled.mach-o.dylib"; name = libopencv_imgproc.4.5.3.dylib; path = "ext/opencv-4.5.3/mac/lib/libopencv_imgproc.4.5.3.dylib"; sourceTree = "<group>"; };
		2380437126FFC3290009FEE4 /* libopencv_highgui.4.5.3.dylib */ = {isa = PBXFileReference; lastKnownFileType = "compiled.mach-o.dylib"; name = libopencv_highgui.4.5.3.dylib; path = "ext/opencv-4.5.3/mac/lib/libopencv_highgui.4.5.3.dylib"; sourceTree = "<group>"; };
		2380437426FFC33D0009FEE4 /* SDL2.framework */ = {isa = PBXFileReference; lastKnownFileType = wrapper.framework; name = SDL2.framework; path = "ext/SDL2-2.0.16/mac/SDL2.framework"; sourceTree = "<group>"; };
		23BCC30326815417002681EC /* swarm */ = {isa = PBXFileReference; explicitFileType = "compiled.mach-o.executable"; includeInIndex = 0; path = swarm; sourceTree = BUILT_PRODUCTS_DIR; };
		23BCC30626815417002681EC /* main.cpp */ = {isa = PBXFileReference; lastKnownFileType = sourcecode.cpp.cpp; path = main.cpp; sourceTree = "<group>"; };
		23F5793F26EBE5940017F781 /* camera.cpp */ = {isa = PBXFileReference; lastKnownFileType = sourcecode.cpp.cpp; path = camera.cpp; sourceTree = "<group>"; };
		23F5794026EBE5940017F781 /* camera.h */ = {isa = PBXFileReference; lastKnownFileType = sourcecode.c.h; path = camera.h; sourceTree = "<group>"; };
		23F5794226EBF5CA0017F781 /* graphics.cpp */ = {isa = PBXFileReference; lastKnownFileType = sourcecode.cpp.cpp; path = graphics.cpp; sourceTree = "<group>"; };
		23F5794326EBF5CA0017F781 /* graphics.h */ = {isa = PBXFileReference; lastKnownFileType = sourcecode.c.h; path = graphics.h; sourceTree = "<group>"; };
		23F98AB926F92EF000B810E6 /* Swarm.h */ = {isa = PBXFileReference; fileEncoding = 4; lastKnownFileType = sourcecode.c.h; path = Swarm.h; sourceTree = "<group>"; };
		23F98ABA26F92EF000B810E6 /* Swarm.cpp */ = {isa = PBXFileReference; fileEncoding = 4; lastKnownFileType = sourcecode.cpp.cpp; path = Swarm.cpp; sourceTree = "<group>"; };
		23F98ABB26F92EF000B810E6 /* const.h */ = {isa = PBXFileReference; fileEncoding = 4; lastKnownFileType = sourcecode.c.h; path = const.h; sourceTree = "<group>"; };
/* End PBXFileReference section */

/* Begin PBXFrameworksBuildPhase section */
		23BCC30026815417002681EC /* Frameworks */ = {
			isa = PBXFrameworksBuildPhase;
			buildActionMask = 2147483647;
			files = (
				2380437226FFC3290009FEE4 /* libopencv_imgproc.4.5.3.dylib in Frameworks */,
				2380437326FFC3290009FEE4 /* libopencv_highgui.4.5.3.dylib in Frameworks */,
				2380436F26FFC2FE0009FEE4 /* libopencv_core.4.5.3.dylib in Frameworks */,
				2380436D26FFC2DA0009FEE4 /* libfreenect.a in Frameworks */,
				2380436B26FFC2CC0009FEE4 /* libusb-1.0.a in Frameworks */,
				23046CB926EF30BA007C7232 /* CoreFoundation.framework in Frameworks */,
				23046CBB26EF30D1007C7232 /* IOKit.framework in Frameworks */,
				2380437A26FFC34B0009FEE4 /* SDL2.framework in Frameworks */,
			);
			runOnlyForDeploymentPostprocessing = 0;
		};
/* End PBXFrameworksBuildPhase section */

/* Begin PBXGroup section */
		23046CB726EF30BA007C7232 /* Frameworks */ = {
			isa = PBXGroup;
			children = (
				23046CB826EF30BA007C7232 /* CoreFoundation.framework */,
				23046CBA26EF30D1007C7232 /* IOKit.framework */,
			);
			name = Frameworks;
			sourceTree = "<group>";
		};
		235E0C7026E17A5E003EA2A2 /* ext */ = {
			isa = PBXGroup;
			children = (
				2380437426FFC33D0009FEE4 /* SDL2.framework */,
				2380436E26FFC2FE0009FEE4 /* libopencv_core.4.5.3.dylib */,
				2380437126FFC3290009FEE4 /* libopencv_highgui.4.5.3.dylib */,
				2380437026FFC3290009FEE4 /* libopencv_imgproc.4.5.3.dylib */,
				2380436C26FFC2DA0009FEE4 /* libfreenect.a */,
				2380436A26FFC2CC0009FEE4 /* libusb-1.0.a */,
			);
			name = ext;
			sourceTree = "<group>";
		};
		23BCC2FA26815417002681EC = {
			isa = PBXGroup;
			children = (
				23BCC30526815417002681EC /* src */,
				23BCC30426815417002681EC /* bin */,
				235E0C7026E17A5E003EA2A2 /* ext */,
				23046CB726EF30BA007C7232 /* Frameworks */,
			);
			sourceTree = "<group>";
		};
		23BCC30426815417002681EC /* bin */ = {
			isa = PBXGroup;
			children = (
				23BCC30326815417002681EC /* swarm */,
			);
			name = bin;
			sourceTree = "<group>";
		};
		23BCC30526815417002681EC /* src */ = {
			isa = PBXGroup;
			children = (
				23F5793F26EBE5940017F781 /* camera.cpp */,
				23F5794026EBE5940017F781 /* camera.h */,
				2310419026EEA5B500F7DC42 /* camera_frame.h */,
				23F98ABB26F92EF000B810E6 /* const.h */,
				23F5794226EBF5CA0017F781 /* graphics.cpp */,
				23F5794326EBF5CA0017F781 /* graphics.h */,
				23BCC30626815417002681EC /* main.cpp */,
				23F98ABA26F92EF000B810E6 /* Swarm.cpp */,
				23F98AB926F92EF000B810E6 /* Swarm.h */,
			);
			path = src;
			sourceTree = "<group>";
		};
/* End PBXGroup section */

/* Begin PBXNativeTarget section */
		23BCC30226815417002681EC /* swarm */ = {
			isa = PBXNativeTarget;
			buildConfigurationList = 23BCC30A26815417002681EC /* Build configuration list for PBXNativeTarget "swarm" */;
			buildPhases = (
				23BCC2FF26815417002681EC /* Sources */,
				23BCC30026815417002681EC /* Frameworks */,
				23BCC30126815417002681EC /* CopyFiles */,
				2380437726FFC3470009FEE4 /* Embed Libraries */,
			);
			buildRules = (
			);
			dependencies = (
			);
			name = swarm;
			productName = swarm;
			productReference = 23BCC30326815417002681EC /* swarm */;
			productType = "com.apple.product-type.tool";
		};
/* End PBXNativeTarget section */

/* Begin PBXProject section */
		23BCC2FB26815417002681EC /* Project object */ = {
			isa = PBXProject;
			attributes = {
				LastUpgradeCheck = 1300;
				TargetAttributes = {
					23BCC30226815417002681EC = {
						CreatedOnToolsVersion = 12.5;
					};
				};
			};
			buildConfigurationList = 23BCC2FE26815417002681EC /* Build configuration list for PBXProject "swarm" */;
			compatibilityVersion = "Xcode 12.0";
			developmentRegion = en;
			hasScannedForEncodings = 0;
			knownRegions = (
				en,
				Base,
			);
			mainGroup = 23BCC2FA26815417002681EC;
			productRefGroup = 23BCC30426815417002681EC /* bin */;
			projectDirPath = "";
			projectRoot = "";
			targets = (
				23BCC30226815417002681EC /* swarm */,
			);
		};
/* End PBXProject section */

/* Begin PBXSourcesBuildPhase section */
		23BCC2FF26815417002681EC /* Sources */ = {
			isa = PBXSourcesBuildPhase;
			buildActionMask = 2147483647;
			files = (
				23F5794126EBE5940017F781 /* camera.cpp in Sources */,
				23F5794426EBF5CA0017F781 /* graphics.cpp in Sources */,
				23BCC30726815417002681EC /* main.cpp in Sources */,
				23F98ABC26F92EF000B810E6 /* Swarm.cpp in Sources */,
			);
			runOnlyForDeploymentPostprocessing = 0;
		};
/* End PBXSourcesBuildPhase section */

/* Begin XCBuildConfiguration section */
		23BCC30826815417002681EC /* Debug */ = {
			isa = XCBuildConfiguration;
			buildSettings = {
				ALWAYS_SEARCH_USER_PATHS = NO;
				CLANG_ANALYZER_NONNULL = YES;
				CLANG_ANALYZER_NUMBER_OBJECT_CONVERSION = YES_AGGRESSIVE;
				CLANG_CXX_LANGUAGE_STANDARD = "gnu++14";
				CLANG_CXX_LIBRARY = "libc++";
				CLANG_ENABLE_MODULES = YES;
				CLANG_ENABLE_OBJC_ARC = YES;
				CLANG_ENABLE_OBJC_WEAK = YES;
				CLANG_WARN_BLOCK_CAPTURE_AUTORELEASING = YES;
				CLANG_WARN_BOOL_CONVERSION = YES;
				CLANG_WARN_COMMA = YES;
				CLANG_WARN_CONSTANT_CONVERSION = YES;
				CLANG_WARN_DEPRECATED_OBJC_IMPLEMENTATIONS = YES;
				CLANG_WARN_DIRECT_OBJC_ISA_USAGE = YES_ERROR;
				CLANG_WARN_DOCUMENTATION_COMMENTS = YES;
				CLANG_WARN_EMPTY_BODY = YES;
				CLANG_WARN_ENUM_CONVERSION = YES;
				CLANG_WARN_INFINITE_RECURSION = YES;
				CLANG_WARN_INT_CONVERSION = YES;
				CLANG_WARN_NON_LITERAL_NULL_CONVERSION = YES;
				CLANG_WARN_OBJC_IMPLICIT_RETAIN_SELF = YES;
				CLANG_WARN_OBJC_LITERAL_CONVERSION = YES;
				CLANG_WARN_OBJC_ROOT_CLASS = YES_ERROR;
				CLANG_WARN_RANGE_LOOP_ANALYSIS = YES;
				CLANG_WARN_STRICT_PROTOTYPES = YES;
				CLANG_WARN_SUSPICIOUS_MOVE = YES;
				CLANG_WARN_UNGUARDED_AVAILABILITY = YES_AGGRESSIVE;
				CLANG_WARN_UNREACHABLE_CODE = YES;
				CLANG_WARN__DUPLICATE_METHOD_MATCH = YES;
				COPY_PHASE_STRIP = NO;
				DEBUG_INFORMATION_FORMAT = dwarf;
				ENABLE_STRICT_OBJC_MSGSEND = YES;
				ENABLE_TESTABILITY = YES;
				FRAMEWORK_SEARCH_PATHS = "$(PROJECT_DIR)/ext/SDL2-2.0.16/mac";
				GCC_C_LANGUAGE_STANDARD = gnu11;
				GCC_DYNAMIC_NO_PIC = NO;
				GCC_NO_COMMON_BLOCKS = YES;
				GCC_OPTIMIZATION_LEVEL = 0;
				GCC_PREPROCESSOR_DEFINITIONS = (
					"DEBUG=1",
					"$(inherited)",
				);
				GCC_WARN_64_TO_32_BIT_CONVERSION = YES;
				GCC_WARN_ABOUT_RETURN_TYPE = YES_ERROR;
				GCC_WARN_UNDECLARED_SELECTOR = YES;
				GCC_WARN_UNINITIALIZED_AUTOS = YES_AGGRESSIVE;
				GCC_WARN_UNUSED_FUNCTION = YES;
				GCC_WARN_UNUSED_VARIABLE = YES;
				HEADER_SEARCH_PATHS = (
					"$(PROJECT_DIR)/ext/SDL2-2.0.16/mac/SDL2.framework/Headers",
					"$(PROJECT_DIR)/ext/opencv-4.5.3/mac/include",
					"$(PROJECT_DIR)/ext/libfreenect-0.6.2/include",
					"$(PROJECT_DIR)/ext/libusb-1.0.24/include",
				);
				LIBRARY_SEARCH_PATHS = (
					"$(PROJECT_DIR)/ext/opencv-4.5.3/mac/lib",
					"$(PROJECT_DIR)/ext/libfreenect-0.6.2/lib/mac",
					"$(PROJECT_DIR)/ext/libusb-1.0.24/lib/mac",
				);
				MACOSX_DEPLOYMENT_TARGET = 11.3;
				ONLY_ACTIVE_ARCH = YES;
				SDKROOT = macosx;
			};
			name = Debug;
		};
		23BCC30926815417002681EC /* Release */ = {
			isa = XCBuildConfiguration;
			buildSettings = {
				ALWAYS_SEARCH_USER_PATHS = NO;
				CLANG_ANALYZER_NONNULL = YES;
				CLANG_ANALYZER_NUMBER_OBJECT_CONVERSION = YES_AGGRESSIVE;
				CLANG_CXX_LANGUAGE_STANDARD = "gnu++14";
				CLANG_CXX_LIBRARY = "libc++";
				CLANG_ENABLE_MODULES = YES;
				CLANG_ENABLE_OBJC_ARC = YES;
				CLANG_ENABLE_OBJC_WEAK = YES;
				CLANG_WARN_BLOCK_CAPTURE_AUTORELEASING = YES;
				CLANG_WARN_BOOL_CONVERSION = YES;
				CLANG_WARN_COMMA = YES;
				CLANG_WARN_CONSTANT_CONVERSION = YES;
				CLANG_WARN_DEPRECATED_OBJC_IMPLEMENTATIONS = YES;
				CLANG_WARN_DIRECT_OBJC_ISA_USAGE = YES_ERROR;
				CLANG_WARN_DOCUMENTATION_COMMENTS = YES;
				CLANG_WARN_EMPTY_BODY = YES;
				CLANG_WARN_ENUM_CONVERSION = YES;
				CLANG_WARN_INFINITE_RECURSION = YES;
				CLANG_WARN_INT_CONVERSION = YES;
				CLANG_WARN_NON_LITERAL_NULL_CONVERSION = YES;
				CLANG_WARN_OBJC_IMPLICIT_RETAIN_SELF = YES;
				CLANG_WARN_OBJC_LITERAL_CONVERSION = YES;
				CLANG_WARN_OBJC_ROOT_CLASS = YES_ERROR;
				CLANG_WARN_RANGE_LOOP_ANALYSIS = YES;
				CLANG_WARN_STRICT_PROTOTYPES = YES;
				CLANG_WARN_SUSPICIOUS_MOVE = YES;
				CLANG_WARN_UNGUARDED_AVAILABILITY = YES_AGGRESSIVE;
				CLANG_WARN_UNREACHABLE_CODE = YES;
				CLANG_WARN__DUPLICATE_METHOD_MATCH = YES;
				COPY_PHASE_STRIP = NO;
				DEBUG_INFORMATION_FORMAT = "dwarf-with-dsym";
				ENABLE_NS_ASSERTIONS = NO;
				ENABLE_STRICT_OBJC_MSGSEND = YES;
				FRAMEWORK_SEARCH_PATHS = "$(PROJECT_DIR)/ext/SDL2-2.0.16/mac";
				GCC_C_LANGUAGE_STANDARD = gnu11;
				GCC_NO_COMMON_BLOCKS = YES;
				GCC_WARN_64_TO_32_BIT_CONVERSION = YES;
				GCC_WARN_ABOUT_RETURN_TYPE = YES_ERROR;
				GCC_WARN_UNDECLARED_SELECTOR = YES;
				GCC_WARN_UNINITIALIZED_AUTOS = YES_AGGRESSIVE;
				GCC_WARN_UNUSED_FUNCTION = YES;
				GCC_WARN_UNUSED_VARIABLE = YES;
				HEADER_SEARCH_PATHS = (
					"$(PROJECT_DIR)/ext/SDL2-2.0.16/mac/SDL2.framework/Headers",
					"$(PROJECT_DIR)/ext/opencv-4.5.3/mac/include",
					"$(PROJECT_DIR)/ext/libfreenect-0.6.2/include",
					"$(PROJECT_DIR)/ext/libusb-1.0.24/include",
				);
				LIBRARY_SEARCH_PATHS = (
					"$(PROJECT_DIR)/ext/opencv-4.5.3/mac/lib",
					"$(PROJECT_DIR)/ext/libfreenect-0.6.2/lib/mac",
					"$(PROJECT_DIR)/ext/libusb-1.0.24/lib/mac",
				);
				MACOSX_DEPLOYMENT_TARGET = 11.3;
				ONLY_ACTIVE_ARCH = YES;
				SDKROOT = macosx;
			};
			name = Release;
		};
		23BCC30B26815417002681EC /* Debug */ = {
			isa = XCBuildConfiguration;
			buildSettings = {
				CODE_SIGN_IDENTITY = "-";
				CODE_SIGN_STYLE = Automatic;
				PRODUCT_NAME = "$(TARGET_NAME)";
			};
			name = Debug;
		};
		23BCC30C26815417002681EC /* Release */ = {
			isa = XCBuildConfiguration;
			buildSettings = {
				CODE_SIGN_IDENTITY = "-";
				CODE_SIGN_STYLE = Automatic;
				PRODUCT_NAME = "$(TARGET_NAME)";
			};
			name = Release;
		};
/* End XCBuildConfiguration section */

/* Begin XCConfigurationList section */
		23BCC2FE26815417002681EC /* Build configuration list for PBXProject "swarm" */ = {
			isa = XCConfigurationList;
			buildConfigurations = (
				23BCC30826815417002681EC /* Debug */,
				23BCC30926815417002681EC /* Release */,
			);
			defaultConfigurationIsVisible = 0;
			defaultConfigurationName = Release;
		};
		23BCC30A26815417002681EC /* Build configuration list for PBXNativeTarget "swarm" */ = {
			isa = XCConfigurationList;
			buildConfigurations = (
				23BCC30B26815417002681EC /* Debug */,
				23BCC30C26815417002681EC /* Release */,
			);
			defaultConfigurationIsVisible = 0;
			defaultConfigurationName = Release;
		};
/* End XCConfigurationList section */
	};
	rootObject = 23BCC2FB26815417002681EC /* Project object */;
}
