// !$*UTF8*$!
{
	archiveVersion = 1;
	classes = {
	};
	objectVersion = 55;
	objects = {

/* Begin PBXBuildFile section */
		234A7CA0271E15AA004BD60D /* SDL2_mixer.framework in Frameworks */ = {isa = PBXBuildFile; fileRef = 234A7C9E271E159C004BD60D /* SDL2_mixer.framework */; };
		234A7CA1271E15AA004BD60D /* SDL2_mixer.framework in Embed Libraries */ = {isa = PBXBuildFile; fileRef = 234A7C9E271E159C004BD60D /* SDL2_mixer.framework */; settings = {ATTRIBUTES = (RemoveHeadersOnCopy, ); }; };
		239BD4C1271970A60066A07E /* model.cpp in Sources */ = {isa = PBXBuildFile; fileRef = 239BD4BF271970A60066A07E /* model.cpp */; };
		239BD4CC2719FDE30066A07E /* gesture.cpp in Sources */ = {isa = PBXBuildFile; fileRef = 239BD4CA2719FDE30066A07E /* gesture.cpp */; };
		239BD4D0271A148E0066A07E /* audio.cpp in Sources */ = {isa = PBXBuildFile; fileRef = 239BD4CE271A148E0066A07E /* audio.cpp */; };
		23CBAA3D2714169300DC50D3 /* libusb-1.0.a in Frameworks */ = {isa = PBXBuildFile; fileRef = 23CBAA3C2714169300DC50D3 /* libusb-1.0.a */; };
		23CBAA3F271416A800DC50D3 /* libfreenect.a in Frameworks */ = {isa = PBXBuildFile; fileRef = 23CBAA3E271416A800DC50D3 /* libfreenect.a */; };
		23CBAA4E271417B600DC50D3 /* SDL2_ttf.framework in Frameworks */ = {isa = PBXBuildFile; fileRef = 23CBAA482714175100DC50D3 /* SDL2_ttf.framework */; };
		23CBAA4F271417B600DC50D3 /* SDL2_ttf.framework in Embed Libraries */ = {isa = PBXBuildFile; fileRef = 23CBAA482714175100DC50D3 /* SDL2_ttf.framework */; settings = {ATTRIBUTES = (RemoveHeadersOnCopy, ); }; };
		23CBAA50271417B700DC50D3 /* SDL2.framework in Frameworks */ = {isa = PBXBuildFile; fileRef = 23CBAA462714174600DC50D3 /* SDL2.framework */; };
		23CBAA51271417B700DC50D3 /* SDL2.framework in Embed Libraries */ = {isa = PBXBuildFile; fileRef = 23CBAA462714174600DC50D3 /* SDL2.framework */; settings = {ATTRIBUTES = (RemoveHeadersOnCopy, ); }; };
		23E735462722157B009248A4 /* director.cpp in Sources */ = {isa = PBXBuildFile; fileRef = 23E735442722157B009248A4 /* director.cpp */; };
		23E7354927221615009248A4 /* timer.cpp in Sources */ = {isa = PBXBuildFile; fileRef = 23E7354727221615009248A4 /* timer.cpp */; };
		23F1DE74275ED4E100FB7171 /* libopencv_core.dylib in Frameworks */ = {isa = PBXBuildFile; fileRef = 23F1DE73275ED4E100FB7171 /* libopencv_core.dylib */; };
		23F1DE77275ED4E800FB7171 /* libopencv_dnn.dylib in Frameworks */ = {isa = PBXBuildFile; fileRef = 23F1DE76275ED4E800FB7171 /* libopencv_dnn.dylib */; };
		23F1DE7A275ED4F400FB7171 /* libopencv_imgcodecs.dylib in Frameworks */ = {isa = PBXBuildFile; fileRef = 23F1DE79275ED4F400FB7171 /* libopencv_imgcodecs.dylib */; };
		23F1DE7D275ED4FB00FB7171 /* libopencv_imgproc.dylib in Frameworks */ = {isa = PBXBuildFile; fileRef = 23F1DE7C275ED4FB00FB7171 /* libopencv_imgproc.dylib */; };
		23F8450827042E6D004DA116 /* graphics.cpp in Sources */ = {isa = PBXBuildFile; fileRef = 23F844FF27042E6D004DA116 /* graphics.cpp */; };
		23F8450927042E6D004DA116 /* camera.cpp in Sources */ = {isa = PBXBuildFile; fileRef = 23F8450027042E6D004DA116 /* camera.cpp */; };
		23F8450A27042E6D004DA116 /* main.cpp in Sources */ = {isa = PBXBuildFile; fileRef = 23F8450327042E6D004DA116 /* main.cpp */; };
		23F8450B27042E6D004DA116 /* swarm.cpp in Sources */ = {isa = PBXBuildFile; fileRef = 23F8450727042E6D004DA116 /* swarm.cpp */; };
		23F8450E27043171004DA116 /* CoreFoundation.framework in Frameworks */ = {isa = PBXBuildFile; fileRef = 23F8450D27043171004DA116 /* CoreFoundation.framework */; };
		23F8451027043179004DA116 /* IOKit.framework in Frameworks */ = {isa = PBXBuildFile; fileRef = 23F8450F27043179004DA116 /* IOKit.framework */; };
/* End PBXBuildFile section */

/* Begin PBXCopyFilesBuildPhase section */
		23CBAA4B271417B100DC50D3 /* Embed Libraries */ = {
			isa = PBXCopyFilesBuildPhase;
			buildActionMask = 2147483647;
			dstPath = "";
			dstSubfolderSpec = 10;
			files = (
				23CBAA4F271417B600DC50D3 /* SDL2_ttf.framework in Embed Libraries */,
				234A7CA1271E15AA004BD60D /* SDL2_mixer.framework in Embed Libraries */,
				23CBAA51271417B700DC50D3 /* SDL2.framework in Embed Libraries */,
			);
			name = "Embed Libraries";
			runOnlyForDeploymentPostprocessing = 0;
		};
/* End PBXCopyFilesBuildPhase section */

/* Begin PBXFileReference section */
		234A7C9E271E159C004BD60D /* SDL2_mixer.framework */ = {isa = PBXFileReference; lastKnownFileType = wrapper.framework; name = SDL2_mixer.framework; path = "ext/SDL2_mixer-2.0.4/mac/SDL2_mixer.framework"; sourceTree = "<group>"; };
		239BD4BF271970A60066A07E /* model.cpp */ = {isa = PBXFileReference; fileEncoding = 4; lastKnownFileType = sourcecode.cpp.cpp; path = model.cpp; sourceTree = "<group>"; };
		239BD4C0271970A60066A07E /* model.hpp */ = {isa = PBXFileReference; fileEncoding = 4; lastKnownFileType = sourcecode.cpp.h; path = model.hpp; sourceTree = "<group>"; };
		239BD4CA2719FDE30066A07E /* gesture.cpp */ = {isa = PBXFileReference; lastKnownFileType = sourcecode.cpp.cpp; path = gesture.cpp; sourceTree = "<group>"; };
		239BD4CE271A148E0066A07E /* audio.cpp */ = {isa = PBXFileReference; lastKnownFileType = sourcecode.cpp.cpp; path = audio.cpp; sourceTree = "<group>"; };
		239BD4CF271A148E0066A07E /* audio.hpp */ = {isa = PBXFileReference; lastKnownFileType = sourcecode.cpp.h; path = audio.hpp; sourceTree = "<group>"; };
		239BD4D1271A24380066A07E /* gesture.hpp */ = {isa = PBXFileReference; fileEncoding = 4; lastKnownFileType = sourcecode.cpp.h; path = gesture.hpp; sourceTree = "<group>"; };
		23CBAA3C2714169300DC50D3 /* libusb-1.0.a */ = {isa = PBXFileReference; lastKnownFileType = archive.ar; name = "libusb-1.0.a"; path = "ext/libusb-1.0.24/lib/mac/libusb-1.0.a"; sourceTree = "<group>"; };
		23CBAA3E271416A800DC50D3 /* libfreenect.a */ = {isa = PBXFileReference; lastKnownFileType = archive.ar; name = libfreenect.a; path = "ext/libfreenect-0.6.2/lib/mac/libfreenect.a"; sourceTree = "<group>"; };
		23CBAA462714174600DC50D3 /* SDL2.framework */ = {isa = PBXFileReference; lastKnownFileType = wrapper.framework; name = SDL2.framework; path = "ext/SDL2-2.0.16/mac/SDL2.framework"; sourceTree = "<group>"; };
		23CBAA482714175100DC50D3 /* SDL2_ttf.framework */ = {isa = PBXFileReference; lastKnownFileType = wrapper.framework; name = SDL2_ttf.framework; path = "ext/SDL2_ttf-2.0.15/mac/SDL2_ttf.framework"; sourceTree = "<group>"; };
		23E735442722157B009248A4 /* director.cpp */ = {isa = PBXFileReference; lastKnownFileType = sourcecode.cpp.cpp; path = director.cpp; sourceTree = "<group>"; };
		23E735452722157B009248A4 /* director.hpp */ = {isa = PBXFileReference; lastKnownFileType = sourcecode.cpp.h; path = director.hpp; sourceTree = "<group>"; };
		23E7354727221615009248A4 /* timer.cpp */ = {isa = PBXFileReference; lastKnownFileType = sourcecode.cpp.cpp; path = timer.cpp; sourceTree = "<group>"; };
		23E7354827221615009248A4 /* timer.hpp */ = {isa = PBXFileReference; lastKnownFileType = sourcecode.cpp.h; path = timer.hpp; sourceTree = "<group>"; };
		23F1DE73275ED4E100FB7171 /* libopencv_core.dylib */ = {isa = PBXFileReference; lastKnownFileType = "compiled.mach-o.dylib"; name = libopencv_core.dylib; path = /usr/local/lib/libopencv_core.dylib; sourceTree = "<absolute>"; };
		23F1DE76275ED4E800FB7171 /* libopencv_dnn.dylib */ = {isa = PBXFileReference; lastKnownFileType = "compiled.mach-o.dylib"; name = libopencv_dnn.dylib; path = /usr/local/lib/libopencv_dnn.dylib; sourceTree = "<absolute>"; };
		23F1DE79275ED4F400FB7171 /* libopencv_imgcodecs.dylib */ = {isa = PBXFileReference; lastKnownFileType = "compiled.mach-o.dylib"; name = libopencv_imgcodecs.dylib; path = /usr/local/lib/libopencv_imgcodecs.dylib; sourceTree = "<absolute>"; };
		23F1DE7C275ED4FB00FB7171 /* libopencv_imgproc.dylib */ = {isa = PBXFileReference; lastKnownFileType = "compiled.mach-o.dylib"; name = libopencv_imgproc.dylib; path = /usr/local/lib/libopencv_imgproc.dylib; sourceTree = "<absolute>"; };
		23F844F527042E23004DA116 /* swarm */ = {isa = PBXFileReference; explicitFileType = "compiled.mach-o.executable"; includeInIndex = 0; path = swarm; sourceTree = BUILT_PRODUCTS_DIR; };
		23F844FF27042E6D004DA116 /* graphics.cpp */ = {isa = PBXFileReference; fileEncoding = 4; lastKnownFileType = sourcecode.cpp.cpp; path = graphics.cpp; sourceTree = "<group>"; };
		23F8450027042E6D004DA116 /* camera.cpp */ = {isa = PBXFileReference; fileEncoding = 4; lastKnownFileType = sourcecode.cpp.cpp; path = camera.cpp; sourceTree = "<group>"; };
		23F8450227042E6D004DA116 /* swarm.hpp */ = {isa = PBXFileReference; fileEncoding = 4; lastKnownFileType = sourcecode.cpp.h; path = swarm.hpp; sourceTree = "<group>"; };
		23F8450327042E6D004DA116 /* main.cpp */ = {isa = PBXFileReference; fileEncoding = 4; lastKnownFileType = sourcecode.cpp.cpp; path = main.cpp; sourceTree = "<group>"; };
		23F8450427042E6D004DA116 /* camera.hpp */ = {isa = PBXFileReference; fileEncoding = 4; lastKnownFileType = sourcecode.cpp.h; path = camera.hpp; sourceTree = "<group>"; };
		23F8450527042E6D004DA116 /* constants.hpp */ = {isa = PBXFileReference; fileEncoding = 4; lastKnownFileType = sourcecode.cpp.h; path = constants.hpp; sourceTree = "<group>"; };
		23F8450627042E6D004DA116 /* graphics.hpp */ = {isa = PBXFileReference; fileEncoding = 4; lastKnownFileType = sourcecode.cpp.h; path = graphics.hpp; sourceTree = "<group>"; };
		23F8450727042E6D004DA116 /* swarm.cpp */ = {isa = PBXFileReference; fileEncoding = 4; lastKnownFileType = sourcecode.cpp.cpp; path = swarm.cpp; sourceTree = "<group>"; };
		23F8450D27043171004DA116 /* CoreFoundation.framework */ = {isa = PBXFileReference; lastKnownFileType = wrapper.framework; name = CoreFoundation.framework; path = System/Library/Frameworks/CoreFoundation.framework; sourceTree = SDKROOT; };
		23F8450F27043179004DA116 /* IOKit.framework */ = {isa = PBXFileReference; lastKnownFileType = wrapper.framework; name = IOKit.framework; path = System/Library/Frameworks/IOKit.framework; sourceTree = SDKROOT; };
/* End PBXFileReference section */

/* Begin PBXFrameworksBuildPhase section */
		23F844F227042E23004DA116 /* Frameworks */ = {
			isa = PBXFrameworksBuildPhase;
			buildActionMask = 2147483647;
			files = (
				23CBAA4E271417B600DC50D3 /* SDL2_ttf.framework in Frameworks */,
				234A7CA0271E15AA004BD60D /* SDL2_mixer.framework in Frameworks */,
				23CBAA50271417B700DC50D3 /* SDL2.framework in Frameworks */,
				23F1DE7D275ED4FB00FB7171 /* libopencv_imgproc.dylib in Frameworks */,
				23F1DE7A275ED4F400FB7171 /* libopencv_imgcodecs.dylib in Frameworks */,
				23F1DE77275ED4E800FB7171 /* libopencv_dnn.dylib in Frameworks */,
				23F1DE74275ED4E100FB7171 /* libopencv_core.dylib in Frameworks */,
				23CBAA3F271416A800DC50D3 /* libfreenect.a in Frameworks */,
				23CBAA3D2714169300DC50D3 /* libusb-1.0.a in Frameworks */,
				23F8451027043179004DA116 /* IOKit.framework in Frameworks */,
				23F8450E27043171004DA116 /* CoreFoundation.framework in Frameworks */,
			);
			runOnlyForDeploymentPostprocessing = 0;
		};
/* End PBXFrameworksBuildPhase section */

/* Begin PBXGroup section */
		23F844EC27042E23004DA116 = {
			isa = PBXGroup;
			children = (
				23F844F727042E23004DA116 /* src */,
				23F844F627042E23004DA116 /* bin */,
				23F8450C27043171004DA116 /* ext */,
			);
			sourceTree = "<group>";
		};
		23F844F627042E23004DA116 /* bin */ = {
			isa = PBXGroup;
			children = (
				23F844F527042E23004DA116 /* swarm */,
			);
			name = bin;
			sourceTree = "<group>";
		};
		23F844F727042E23004DA116 /* src */ = {
			isa = PBXGroup;
			children = (
				239BD4CE271A148E0066A07E /* audio.cpp */,
				239BD4CF271A148E0066A07E /* audio.hpp */,
				23F8450027042E6D004DA116 /* camera.cpp */,
				23F8450427042E6D004DA116 /* camera.hpp */,
				23F8450527042E6D004DA116 /* constants.hpp */,
				23E735442722157B009248A4 /* director.cpp */,
				23E735452722157B009248A4 /* director.hpp */,
				239BD4CA2719FDE30066A07E /* gesture.cpp */,
				239BD4D1271A24380066A07E /* gesture.hpp */,
				23F844FF27042E6D004DA116 /* graphics.cpp */,
				23F8450627042E6D004DA116 /* graphics.hpp */,
				23F8450327042E6D004DA116 /* main.cpp */,
				239BD4BF271970A60066A07E /* model.cpp */,
				239BD4C0271970A60066A07E /* model.hpp */,
				23F8450727042E6D004DA116 /* swarm.cpp */,
				23F8450227042E6D004DA116 /* swarm.hpp */,
				23E7354727221615009248A4 /* timer.cpp */,
				23E7354827221615009248A4 /* timer.hpp */,
			);
			path = src;
			sourceTree = "<group>";
		};
		23F8450C27043171004DA116 /* ext */ = {
			isa = PBXGroup;
			children = (
				23CBAA482714175100DC50D3 /* SDL2_ttf.framework */,
				234A7C9E271E159C004BD60D /* SDL2_mixer.framework */,
				23CBAA462714174600DC50D3 /* SDL2.framework */,
				23F1DE7C275ED4FB00FB7171 /* libopencv_imgproc.dylib */,
				23F1DE79275ED4F400FB7171 /* libopencv_imgcodecs.dylib */,
				23F1DE76275ED4E800FB7171 /* libopencv_dnn.dylib */,
				23F1DE73275ED4E100FB7171 /* libopencv_core.dylib */,
				23CBAA3E271416A800DC50D3 /* libfreenect.a */,
				23CBAA3C2714169300DC50D3 /* libusb-1.0.a */,
				23F8450F27043179004DA116 /* IOKit.framework */,
				23F8450D27043171004DA116 /* CoreFoundation.framework */,
			);
			name = ext;
			sourceTree = "<group>";
		};
/* End PBXGroup section */

/* Begin PBXNativeTarget section */
		23F844F427042E23004DA116 /* swarm */ = {
			isa = PBXNativeTarget;
			buildConfigurationList = 23F844FC27042E23004DA116 /* Build configuration list for PBXNativeTarget "swarm" */;
			buildPhases = (
				23F844F127042E23004DA116 /* Sources */,
				23F844F227042E23004DA116 /* Frameworks */,
				23CBAA4B271417B100DC50D3 /* Embed Libraries */,
			);
			buildRules = (
			);
			dependencies = (
			);
			name = swarm;
			productName = swarm;
			productReference = 23F844F527042E23004DA116 /* swarm */;
			productType = "com.apple.product-type.tool";
		};
/* End PBXNativeTarget section */

/* Begin PBXProject section */
		23F844ED27042E23004DA116 /* Project object */ = {
			isa = PBXProject;
			attributes = {
				BuildIndependentTargetsInParallel = 1;
				LastUpgradeCheck = 1310;
				TargetAttributes = {
					23F844F427042E23004DA116 = {
						CreatedOnToolsVersion = 13.0;
					};
				};
			};
			buildConfigurationList = 23F844F027042E23004DA116 /* Build configuration list for PBXProject "swarm" */;
			compatibilityVersion = "Xcode 13.0";
			developmentRegion = en;
			hasScannedForEncodings = 0;
			knownRegions = (
				en,
				Base,
			);
			mainGroup = 23F844EC27042E23004DA116;
			productRefGroup = 23F844F627042E23004DA116 /* bin */;
			projectDirPath = "";
			projectRoot = "";
			targets = (
				23F844F427042E23004DA116 /* swarm */,
			);
		};
/* End PBXProject section */

/* Begin PBXSourcesBuildPhase section */
		23F844F127042E23004DA116 /* Sources */ = {
			isa = PBXSourcesBuildPhase;
			buildActionMask = 2147483647;
			files = (
				239BD4C1271970A60066A07E /* model.cpp in Sources */,
				23E735462722157B009248A4 /* director.cpp in Sources */,
				239BD4CC2719FDE30066A07E /* gesture.cpp in Sources */,
				23F8450927042E6D004DA116 /* camera.cpp in Sources */,
				23F8450827042E6D004DA116 /* graphics.cpp in Sources */,
				239BD4D0271A148E0066A07E /* audio.cpp in Sources */,
				23F8450A27042E6D004DA116 /* main.cpp in Sources */,
				23F8450B27042E6D004DA116 /* swarm.cpp in Sources */,
				23E7354927221615009248A4 /* timer.cpp in Sources */,
			);
			runOnlyForDeploymentPostprocessing = 0;
		};
/* End PBXSourcesBuildPhase section */

/* Begin XCBuildConfiguration section */
		23F844FA27042E23004DA116 /* Debug */ = {
			isa = XCBuildConfiguration;
			buildSettings = {
				ALWAYS_SEARCH_USER_PATHS = NO;
				CLANG_ANALYZER_NONNULL = YES;
				CLANG_ANALYZER_NUMBER_OBJECT_CONVERSION = YES_AGGRESSIVE;
				CLANG_CXX_LANGUAGE_STANDARD = "gnu++17";
				CLANG_CXX_LIBRARY = "libc++";
				CLANG_ENABLE_MODULES = YES;
				CLANG_ENABLE_OBJC_ARC = YES;
				CLANG_ENABLE_OBJC_WEAK = YES;
				CLANG_WARN_BLOCK_CAPTURE_AUTORELEASING = YES;
				CLANG_WARN_BOOL_CONVERSION = YES;
				CLANG_WARN_COMMA = YES;
				CLANG_WARN_CONSTANT_CONVERSION = YES;
				CLANG_WARN_DEPRECATED_OBJC_IMPLEMENTATIONS = YES;
				CLANG_WARN_DIRECT_OBJC_ISA_USAGE = YES_ERROR;
				CLANG_WARN_DOCUMENTATION_COMMENTS = NO;
				CLANG_WARN_EMPTY_BODY = YES;
				CLANG_WARN_ENUM_CONVERSION = YES;
				CLANG_WARN_INFINITE_RECURSION = YES;
				CLANG_WARN_INT_CONVERSION = YES;
				CLANG_WARN_NON_LITERAL_NULL_CONVERSION = YES;
				CLANG_WARN_OBJC_IMPLICIT_RETAIN_SELF = YES;
				CLANG_WARN_OBJC_LITERAL_CONVERSION = YES;
				CLANG_WARN_OBJC_ROOT_CLASS = YES_ERROR;
				CLANG_WARN_RANGE_LOOP_ANALYSIS = YES;
				CLANG_WARN_STRICT_PROTOTYPES = YES;
				CLANG_WARN_SUSPICIOUS_MOVE = YES;
				CLANG_WARN_UNGUARDED_AVAILABILITY = YES_AGGRESSIVE;
				CLANG_WARN_UNREACHABLE_CODE = YES;
				CLANG_WARN__DUPLICATE_METHOD_MATCH = YES;
				COPY_PHASE_STRIP = NO;
				DEBUG_INFORMATION_FORMAT = dwarf;
				ENABLE_STRICT_OBJC_MSGSEND = YES;
				ENABLE_TESTABILITY = YES;
				FRAMEWORK_SEARCH_PATHS = (
					"$(PROJECT_DIR)/ext/SDL2_ttf-2.0.15/mac",
					"$(PROJECT_DIR)/ext/SDL2_mixer-2.0.4/mac",
					"$(PROJECT_DIR)/ext/SDL2-2.0.16/mac",
				);
				GCC_C_LANGUAGE_STANDARD = gnu11;
				GCC_DYNAMIC_NO_PIC = NO;
				GCC_NO_COMMON_BLOCKS = YES;
				GCC_OPTIMIZATION_LEVEL = 0;
				GCC_PREPROCESSOR_DEFINITIONS = (
					"DEBUG=1",
					"$(inherited)",
				);
				GCC_WARN_64_TO_32_BIT_CONVERSION = YES;
				GCC_WARN_ABOUT_RETURN_TYPE = YES_ERROR;
				GCC_WARN_UNDECLARED_SELECTOR = YES;
				GCC_WARN_UNINITIALIZED_AUTOS = YES_AGGRESSIVE;
				GCC_WARN_UNUSED_FUNCTION = YES;
				GCC_WARN_UNUSED_VARIABLE = YES;
				HEADER_SEARCH_PATHS = (
					"$(PROJECT_DIR)/ext/SDL2_ttf-2.0.15/mac/SDL2_ttf.framework/Headers",
					"$(PROJECT_DIR)/ext/SDL2_mixer-2.0.4/mac/SDL2_mixer.framework/Headers",
					"$(PROJECT_DIR)/ext/SDL2-2.0.16/mac/SDL2.framework/Headers",
					/usr/local/include/opencv4,
					"$(PROJECT_DIR)/ext/libfreenect-0.6.2/include",
					"$(PROJECT_DIR)/ext/libusb-1.0.24/include",
				);
				LIBRARY_SEARCH_PATHS = (
					"$(PROJECT_DIR)/ext/libfreenect-0.6.2/lib/mac",
					"$(PROJECT_DIR)/ext/libusb-1.0.24/lib/mac",
					/usr/local/lib,
				);
				MACOSX_DEPLOYMENT_TARGET = 11.3;
				MTL_ENABLE_DEBUG_INFO = INCLUDE_SOURCE;
				MTL_FAST_MATH = YES;
				ONLY_ACTIVE_ARCH = YES;
				SDKROOT = macosx;
			};
			name = Debug;
		};
		23F844FB27042E23004DA116 /* Release */ = {
			isa = XCBuildConfiguration;
			buildSettings = {
				ALWAYS_SEARCH_USER_PATHS = NO;
				CLANG_ANALYZER_NONNULL = YES;
				CLANG_ANALYZER_NUMBER_OBJECT_CONVERSION = YES_AGGRESSIVE;
				CLANG_CXX_LANGUAGE_STANDARD = "gnu++17";
				CLANG_CXX_LIBRARY = "libc++";
				CLANG_ENABLE_MODULES = YES;
				CLANG_ENABLE_OBJC_ARC = YES;
				CLANG_ENABLE_OBJC_WEAK = YES;
				CLANG_WARN_BLOCK_CAPTURE_AUTORELEASING = YES;
				CLANG_WARN_BOOL_CONVERSION = YES;
				CLANG_WARN_COMMA = YES;
				CLANG_WARN_CONSTANT_CONVERSION = YES;
				CLANG_WARN_DEPRECATED_OBJC_IMPLEMENTATIONS = YES;
				CLANG_WARN_DIRECT_OBJC_ISA_USAGE = YES_ERROR;
				CLANG_WARN_DOCUMENTATION_COMMENTS = NO;
				CLANG_WARN_EMPTY_BODY = YES;
				CLANG_WARN_ENUM_CONVERSION = YES;
				CLANG_WARN_INFINITE_RECURSION = YES;
				CLANG_WARN_INT_CONVERSION = YES;
				CLANG_WARN_NON_LITERAL_NULL_CONVERSION = YES;
				CLANG_WARN_OBJC_IMPLICIT_RETAIN_SELF = YES;
				CLANG_WARN_OBJC_LITERAL_CONVERSION = YES;
				CLANG_WARN_OBJC_ROOT_CLASS = YES_ERROR;
				CLANG_WARN_RANGE_LOOP_ANALYSIS = YES;
				CLANG_WARN_STRICT_PROTOTYPES = YES;
				CLANG_WARN_SUSPICIOUS_MOVE = YES;
				CLANG_WARN_UNGUARDED_AVAILABILITY = YES_AGGRESSIVE;
				CLANG_WARN_UNREACHABLE_CODE = YES;
				CLANG_WARN__DUPLICATE_METHOD_MATCH = YES;
				COPY_PHASE_STRIP = NO;
				DEBUG_INFORMATION_FORMAT = "dwarf-with-dsym";
				ENABLE_NS_ASSERTIONS = NO;
				ENABLE_STRICT_OBJC_MSGSEND = YES;
				FRAMEWORK_SEARCH_PATHS = (
					"$(PROJECT_DIR)/ext/SDL2_ttf-2.0.15/mac",
					"$(PROJECT_DIR)/ext/SDL2_mixer-2.0.4/mac",
					"$(PROJECT_DIR)/ext/SDL2-2.0.16/mac",
				);
				GCC_C_LANGUAGE_STANDARD = gnu11;
				GCC_NO_COMMON_BLOCKS = YES;
				GCC_WARN_64_TO_32_BIT_CONVERSION = YES;
				GCC_WARN_ABOUT_RETURN_TYPE = YES_ERROR;
				GCC_WARN_UNDECLARED_SELECTOR = YES;
				GCC_WARN_UNINITIALIZED_AUTOS = YES_AGGRESSIVE;
				GCC_WARN_UNUSED_FUNCTION = YES;
				GCC_WARN_UNUSED_VARIABLE = YES;
				HEADER_SEARCH_PATHS = (
					"$(PROJECT_DIR)/ext/SDL2_ttf-2.0.15/mac/SDL2_ttf.framework/Headers",
					"$(PROJECT_DIR)/ext/SDL2_mixer-2.0.4/mac/SDL2_mixer.framework/Headers",
					"$(PROJECT_DIR)/ext/SDL2-2.0.16/mac/SDL2.framework/Headers",
					/usr/local/include/opencv4,
					"$(PROJECT_DIR)/ext/libfreenect-0.6.2/include",
					"$(PROJECT_DIR)/ext/libusb-1.0.24/include",
				);
				LIBRARY_SEARCH_PATHS = (
					"$(PROJECT_DIR)/ext/libfreenect-0.6.2/lib/mac",
					"$(PROJECT_DIR)/ext/libusb-1.0.24/lib/mac",
					/usr/local/lib,
				);
				MACOSX_DEPLOYMENT_TARGET = 11.3;
				MTL_ENABLE_DEBUG_INFO = NO;
				MTL_FAST_MATH = YES;
				ONLY_ACTIVE_ARCH = YES;
				SDKROOT = macosx;
			};
			name = Release;
		};
		23F844FD27042E23004DA116 /* Debug */ = {
			isa = XCBuildConfiguration;
			buildSettings = {
				CODE_SIGN_IDENTITY = "-";
				CODE_SIGN_STYLE = Automatic;
				PRODUCT_NAME = "$(TARGET_NAME)";
			};
			name = Debug;
		};
		23F844FE27042E23004DA116 /* Release */ = {
			isa = XCBuildConfiguration;
			buildSettings = {
				CODE_SIGN_IDENTITY = "-";
				CODE_SIGN_STYLE = Automatic;
				PRODUCT_NAME = "$(TARGET_NAME)";
			};
			name = Release;
		};
/* End XCBuildConfiguration section */

/* Begin XCConfigurationList section */
		23F844F027042E23004DA116 /* Build configuration list for PBXProject "swarm" */ = {
			isa = XCConfigurationList;
			buildConfigurations = (
				23F844FA27042E23004DA116 /* Debug */,
				23F844FB27042E23004DA116 /* Release */,
			);
			defaultConfigurationIsVisible = 0;
			defaultConfigurationName = Release;
		};
		23F844FC27042E23004DA116 /* Build configuration list for PBXNativeTarget "swarm" */ = {
			isa = XCConfigurationList;
			buildConfigurations = (
				23F844FD27042E23004DA116 /* Debug */,
				23F844FE27042E23004DA116 /* Release */,
			);
			defaultConfigurationIsVisible = 0;
			defaultConfigurationName = Release;
		};
/* End XCConfigurationList section */
	};
	rootObject = 23F844ED27042E23004DA116 /* Project object */;
}
